
Microsoft Visual Studio Solution File, Format Version 12.00
# Visual Studio 15
VisualStudioVersion = 15.0.28010.2048
MinimumVisualStudioVersion = 10.0.40219.1
Project("{FAE04EC0-301F-11D3-BF4B-00C04F79EFBC}") = "Sample_SQL", "SQL\Sample_SQL.csproj", "{88BE7110-DA91-4A64-AF2F-3574330C967B}"
EndProject
Project("{FAE04EC0-301F-11D3-BF4B-00C04F79EFBC}") = "EntityFramework", "EntityFramework\EntityFramework.csproj", "{BCFCB9A0-E182-4C24-A53A-3A82B9AAE887}"
EndProject
Project("{FAE04EC0-301F-11D3-BF4B-00C04F79EFBC}") = "Sample_Dapper", "Sample_Dapper\Sample_Dapper.csproj", "{C668E24D-9324-48B1-BD6E-4981BF1F9E95}"
EndProject
Global
	GlobalSection(SolutionConfigurationPlatforms) = preSolution
		Debug|Any CPU = Debug|Any CPU
		Release|Any CPU = Release|Any CPU
	EndGlobalSection
	GlobalSection(ProjectConfigurationPlatforms) = postSolution
		{88BE7110-DA91-4A64-AF2F-3574330C967B}.Debug|Any CPU.ActiveCfg = Debug|Any CPU
		{88BE7110-DA91-4A64-AF2F-3574330C967B}.Debug|Any CPU.Build.0 = Debug|Any CPU
		{88BE7110-DA91-4A64-AF2F-3574330C967B}.Release|Any CPU.ActiveCfg = Release|Any CPU
		{88BE7110-DA91-4A64-AF2F-3574330C967B}.Release|Any CPU.Build.0 = Release|Any CPU
		{BCFCB9A0-E182-4C24-A53A-3A82B9AAE887}.Debug|Any CPU.ActiveCfg = Debug|Any CPU
		{BCFCB9A0-E182-4C24-A53A-3A82B9AAE887}.Debug|Any CPU.Build.0 = Debug|Any CPU
		{BCFCB9A0-E182-4C24-A53A-3A82B9AAE887}.Release|Any CPU.ActiveCfg = Release|Any CPU
		{BCFCB9A0-E182-4C24-A53A-3A82B9AAE887}.Release|Any CPU.Build.0 = Release|Any CPU
		{C668E24D-9324-48B1-BD6E-4981BF1F9E95}.Debug|Any CPU.ActiveCfg = Debug|Any CPU
		{C668E24D-9324-48B1-BD6E-4981BF1F9E95}.Debug|Any CPU.Build.0 = Debug|Any CPU
		{C668E24D-9324-48B1-BD6E-4981BF1F9E95}.Release|Any CPU.ActiveCfg = Release|Any CPU
		{C668E24D-9324-48B1-BD6E-4981BF1F9E95}.Release|Any CPU.Build.0 = Release|Any CPU
	EndGlobalSection
	GlobalSection(SolutionProperties) = preSolution
		HideSolutionNode = FALSE
	EndGlobalSection
	GlobalSection(ExtensibilityGlobals) = postSolution
		SolutionGuid = {7584C992-E00E-42FA-9A31-5879D2E3D08E}
	EndGlobalSection
EndGlobal
